
Microsoft Visual Studio Solution File, Format Version 12.00
# Visual Studio 15
VisualStudioVersion = 15.0.28010.2041
MinimumVisualStudioVersion = 10.0.40219.1
Project("{FAE04EC0-301F-11D3-BF4B-00C04F79EFBC}") = "SerilogBlazorDemo.Server", "SerilogBlazorDemo.Server\SerilogBlazorDemo.Server.csproj", "{6AB05F8B-4E5F-44DF-9C39-671D077C89E0}"
EndProject
Project("{FAE04EC0-301F-11D3-BF4B-00C04F79EFBC}") = "SerilogBlazorDemo.Client", "SerilogBlazorDemo.Client\SerilogBlazorDemo.Client.csproj", "{8A148930-4ADC-428F-9A84-4C79F824ABBB}"
EndProject
Project("{FAE04EC0-301F-11D3-BF4B-00C04F79EFBC}") = "SerilogBlazorDemo.Shared", "SerilogBlazorDemo.Shared\SerilogBlazorDemo.Shared.csproj", "{709AF3DD-47EC-43E6-B71E-0D53B249BA78}"
EndProject
Global
	GlobalSection(SolutionConfigurationPlatforms) = preSolution
		Debug|Any CPU = Debug|Any CPU
		Release|Any CPU = Release|Any CPU
	EndGlobalSection
	GlobalSection(ProjectConfigurationPlatforms) = postSolution
		{6AB05F8B-4E5F-44DF-9C39-671D077C89E0}.Debug|Any CPU.ActiveCfg = Debug|Any CPU
		{6AB05F8B-4E5F-44DF-9C39-671D077C89E0}.Debug|Any CPU.Build.0 = Debug|Any CPU
		{6AB05F8B-4E5F-44DF-9C39-671D077C89E0}.Release|Any CPU.ActiveCfg = Release|Any CPU
		{6AB05F8B-4E5F-44DF-9C39-671D077C89E0}.Release|Any CPU.Build.0 = Release|Any CPU
		{8A148930-4ADC-428F-9A84-4C79F824ABBB}.Debug|Any CPU.ActiveCfg = Debug|Any CPU
		{8A148930-4ADC-428F-9A84-4C79F824ABBB}.Debug|Any CPU.Build.0 = Debug|Any CPU
		{8A148930-4ADC-428F-9A84-4C79F824ABBB}.Release|Any CPU.ActiveCfg = Release|Any CPU
		{8A148930-4ADC-428F-9A84-4C79F824ABBB}.Release|Any CPU.Build.0 = Release|Any CPU
		{709AF3DD-47EC-43E6-B71E-0D53B249BA78}.Debug|Any CPU.ActiveCfg = Debug|Any CPU
		{709AF3DD-47EC-43E6-B71E-0D53B249BA78}.Debug|Any CPU.Build.0 = Debug|Any CPU
		{709AF3DD-47EC-43E6-B71E-0D53B249BA78}.Release|Any CPU.ActiveCfg = Release|Any CPU
		{709AF3DD-47EC-43E6-B71E-0D53B249BA78}.Release|Any CPU.Build.0 = Release|Any CPU
	EndGlobalSection
	GlobalSection(SolutionProperties) = preSolution
		HideSolutionNode = FALSE
	EndGlobalSection
	GlobalSection(ExtensibilityGlobals) = postSolution
		SolutionGuid = {AC926D76-E3E3-4545-BEB6-07F88CF0A2AA}
	EndGlobalSection
EndGlobal
